
Microsoft Visual Studio Solution File, Format Version 12.00
# Visual Studio Version 16
VisualStudioVersion = 16.0.31624.102
MinimumVisualStudioVersion = 10.0.40219.1
Project("{FAE04EC0-301F-11D3-BF4B-00C04F79EFBC}") = "Api", "Api.csproj", "{B4800225-EA99-4C82-B803-778B933A4158}"
EndProject
Project("{FAE04EC0-301F-11D3-BF4B-00C04F79EFBC}") = "Service", "..\Service\Service.csproj", "{6B1DAFD8-365D-4F17-84E5-E7EB929B2B5F}"
EndProject
Project("{FAE04EC0-301F-11D3-BF4B-00C04F79EFBC}") = "Repository", "..\Repository\Repository.csproj", "{AD652C88-D7CE-4DD4-A66C-4D23C099868A}"
EndProject
Project("{FAE04EC0-301F-11D3-BF4B-00C04F79EFBC}") = "Models", "..\Models\Models.csproj", "{FAC61D81-E883-42EC-8247-3C4BCF6A4E75}"
EndProject
Project("{FAE04EC0-301F-11D3-BF4B-00C04F79EFBC}") = "Data", "..\Data\Data.csproj", "{C96B2B8D-B1DD-4E5A-AF1F-428616430A24}"
EndProject
Global
	GlobalSection(SolutionConfigurationPlatforms) = preSolution
		Debug|Any CPU = Debug|Any CPU
		Release|Any CPU = Release|Any CPU
	EndGlobalSection
	GlobalSection(ProjectConfigurationPlatforms) = postSolution
		{B4800225-EA99-4C82-B803-778B933A4158}.Debug|Any CPU.ActiveCfg = Debug|Any CPU
		{B4800225-EA99-4C82-B803-778B933A4158}.Debug|Any CPU.Build.0 = Debug|Any CPU
		{B4800225-EA99-4C82-B803-778B933A4158}.Release|Any CPU.ActiveCfg = Release|Any CPU
		{B4800225-EA99-4C82-B803-778B933A4158}.Release|Any CPU.Build.0 = Release|Any CPU
		{6B1DAFD8-365D-4F17-84E5-E7EB929B2B5F}.Debug|Any CPU.ActiveCfg = Debug|Any CPU
		{6B1DAFD8-365D-4F17-84E5-E7EB929B2B5F}.Debug|Any CPU.Build.0 = Debug|Any CPU
		{6B1DAFD8-365D-4F17-84E5-E7EB929B2B5F}.Release|Any CPU.ActiveCfg = Release|Any CPU
		{6B1DAFD8-365D-4F17-84E5-E7EB929B2B5F}.Release|Any CPU.Build.0 = Release|Any CPU
		{AD652C88-D7CE-4DD4-A66C-4D23C099868A}.Debug|Any CPU.ActiveCfg = Debug|Any CPU
		{AD652C88-D7CE-4DD4-A66C-4D23C099868A}.Debug|Any CPU.Build.0 = Debug|Any CPU
		{AD652C88-D7CE-4DD4-A66C-4D23C099868A}.Release|Any CPU.ActiveCfg = Release|Any CPU
		{AD652C88-D7CE-4DD4-A66C-4D23C099868A}.Release|Any CPU.Build.0 = Release|Any CPU
		{FAC61D81-E883-42EC-8247-3C4BCF6A4E75}.Debug|Any CPU.ActiveCfg = Debug|Any CPU
		{FAC61D81-E883-42EC-8247-3C4BCF6A4E75}.Debug|Any CPU.Build.0 = Debug|Any CPU
		{FAC61D81-E883-42EC-8247-3C4BCF6A4E75}.Release|Any CPU.ActiveCfg = Release|Any CPU
		{FAC61D81-E883-42EC-8247-3C4BCF6A4E75}.Release|Any CPU.Build.0 = Release|Any CPU
		{C96B2B8D-B1DD-4E5A-AF1F-428616430A24}.Debug|Any CPU.ActiveCfg = Debug|Any CPU
		{C96B2B8D-B1DD-4E5A-AF1F-428616430A24}.Debug|Any CPU.Build.0 = Debug|Any CPU
		{C96B2B8D-B1DD-4E5A-AF1F-428616430A24}.Release|Any CPU.ActiveCfg = Release|Any CPU
		{C96B2B8D-B1DD-4E5A-AF1F-428616430A24}.Release|Any CPU.Build.0 = Release|Any CPU
	EndGlobalSection
	GlobalSection(SolutionProperties) = preSolution
		HideSolutionNode = FALSE
	EndGlobalSection
	GlobalSection(ExtensibilityGlobals) = postSolution
		SolutionGuid = {F272C0CF-DCAA-47CE-A9AA-EBAC730E4E30}
	EndGlobalSection
EndGlobal
